// !$*UTF8*$!
{
	archiveVersion = 1;
	classes = {
	};
	objectVersion = 50;
	objects = {

/* Begin PBXBuildFile section */
		AC68E2A02141B36A00745879 /* AppDelegate.swift in Sources */ = {isa = PBXBuildFile; fileRef = AC68E29F2141B36A00745879 /* AppDelegate.swift */; };
		AC68E2A72141B36E00745879 /* Assets.xcassets in Resources */ = {isa = PBXBuildFile; fileRef = AC68E2A62141B36E00745879 /* Assets.xcassets */; };
		AC68E2AA2141B36E00745879 /* LaunchScreen.storyboard in Resources */ = {isa = PBXBuildFile; fileRef = AC68E2A82141B36E00745879 /* LaunchScreen.storyboard */; };
		AC68E2C02141BBE300745879 /* HouseTests.swift in Sources */ = {isa = PBXBuildFile; fileRef = AC68E2BF2141BBE300745879 /* HouseTests.swift */; };
		AC68E2C32141BD9800745879 /* House.swift in Sources */ = {isa = PBXBuildFile; fileRef = AC68E2C22141BD9800745879 /* House.swift */; };
		AC68E2C52141C1E000745879 /* Sigil.swift in Sources */ = {isa = PBXBuildFile; fileRef = AC68E2C42141C1E000745879 /* Sigil.swift */; };
		AC68E2C72141C8C800745879 /* PersonTests.swift in Sources */ = {isa = PBXBuildFile; fileRef = AC68E2C62141C8C800745879 /* PersonTests.swift */; };
		AC68E2C92141C90600745879 /* Person.swift in Sources */ = {isa = PBXBuildFile; fileRef = AC68E2C82141C90600745879 /* Person.swift */; };
		AC68E2CD2149A19F00745879 /* lannister.jpg in Resources */ = {isa = PBXBuildFile; fileRef = AC68E2CA2149A19F00745879 /* lannister.jpg */; };
		AC68E2CE2149A19F00745879 /* targaryenSmall.jpg in Resources */ = {isa = PBXBuildFile; fileRef = AC68E2CB2149A19F00745879 /* targaryenSmall.jpg */; };
		AC68E2CF2149A19F00745879 /* codeIsComing.png in Resources */ = {isa = PBXBuildFile; fileRef = AC68E2CC2149A19F00745879 /* codeIsComing.png */; };
		AC68E2D42149A32200745879 /* HouseDetailViewController.swift in Sources */ = {isa = PBXBuildFile; fileRef = AC68E2D22149A32200745879 /* HouseDetailViewController.swift */; };
		AC68E2D52149A32200745879 /* HouseDetailViewController.xib in Resources */ = {isa = PBXBuildFile; fileRef = AC68E2D32149A32200745879 /* HouseDetailViewController.xib */; };
		AC68E2D82149B9F200745879 /* UIViewController+Navigation.swift in Sources */ = {isa = PBXBuildFile; fileRef = AC68E2D72149B9F200745879 /* UIViewController+Navigation.swift */; };
		AC68E2DA2149BC0800745879 /* RepositoryTests.swift in Sources */ = {isa = PBXBuildFile; fileRef = AC68E2D92149BC0800745879 /* RepositoryTests.swift */; };
		AC68E2DD2149BCC500745879 /* Repository.swift in Sources */ = {isa = PBXBuildFile; fileRef = AC68E2DC2149BCC500745879 /* Repository.swift */; };
		AC68E2E12150336D00745879 /* WikiViewController.swift in Sources */ = {isa = PBXBuildFile; fileRef = AC68E2DF2150336D00745879 /* WikiViewController.swift */; };
		AC68E2E22150336D00745879 /* WikiViewController.xib in Resources */ = {isa = PBXBuildFile; fileRef = AC68E2E02150336D00745879 /* WikiViewController.xib */; };
		AC68E2E5215059DA00745879 /* HouseListTableViewController.swift in Sources */ = {isa = PBXBuildFile; fileRef = AC68E2E3215059DA00745879 /* HouseListTableViewController.swift */; };
		AC68E2E6215059DA00745879 /* HouseListTableViewController.xib in Resources */ = {isa = PBXBuildFile; fileRef = AC68E2E4215059DA00745879 /* HouseListTableViewController.xib */; };
		AC68E2E9215189AF00745879 /* MemberListViewController.swift in Sources */ = {isa = PBXBuildFile; fileRef = AC68E2E7215189AF00745879 /* MemberListViewController.swift */; };
		AC68E2EA215189AF00745879 /* MemberListViewController.xib in Resources */ = {isa = PBXBuildFile; fileRef = AC68E2E8215189AF00745879 /* MemberListViewController.xib */; };
		AC68E2EC2151A8B500745879 /* Constants.swift in Sources */ = {isa = PBXBuildFile; fileRef = AC68E2EB2151A8B500745879 /* Constants.swift */; };
		AC68E2EE2152DAC000745879 /* Notification+Name.swift in Sources */ = {isa = PBXBuildFile; fileRef = AC68E2ED2152DAC000745879 /* Notification+Name.swift */; };
		AC68E2F22152DF3D00745879 /* HouseCell.swift in Sources */ = {isa = PBXBuildFile; fileRef = AC68E2F02152DF3D00745879 /* HouseCell.swift */; };
		AC68E2F32152DF3D00745879 /* HouseCell.xib in Resources */ = {isa = PBXBuildFile; fileRef = AC68E2F12152DF3D00745879 /* HouseCell.xib */; };
		AC68E2FB2152EE9900745879 /* HouseCollectionViewController.swift in Sources */ = {isa = PBXBuildFile; fileRef = AC68E2F92152EE9900745879 /* HouseCollectionViewController.swift */; };
		AC68E2FC2152EE9900745879 /* HouseCollectionViewController.xib in Resources */ = {isa = PBXBuildFile; fileRef = AC68E2FA2152EE9900745879 /* HouseCollectionViewController.xib */; };
		AC68E2FF2152F2E400745879 /* HouseCollectionViewCell.swift in Sources */ = {isa = PBXBuildFile; fileRef = AC68E2FD2152F2E400745879 /* HouseCollectionViewCell.swift */; };
		AC68E3002152F2E400745879 /* HouseCollectionViewCell.xib in Resources */ = {isa = PBXBuildFile; fileRef = AC68E2FE2152F2E400745879 /* HouseCollectionViewCell.xib */; };
		ACF7B090215956FD004E12CE /* Season.swift in Sources */ = {isa = PBXBuildFile; fileRef = ACF7B08F215956FD004E12CE /* Season.swift */; };
		ACF7B0922159584E004E12CE /* SeasonTests.swift in Sources */ = {isa = PBXBuildFile; fileRef = ACF7B0912159584E004E12CE /* SeasonTests.swift */; };
		ACF7B09421595AA2004E12CE /* Date+String.swift in Sources */ = {isa = PBXBuildFile; fileRef = ACF7B09321595AA2004E12CE /* Date+String.swift */; };
		ACF7B09621595F54004E12CE /* Episode.swift in Sources */ = {isa = PBXBuildFile; fileRef = ACF7B09521595F54004E12CE /* Episode.swift */; };
		ACF7B09821597111004E12CE /* EpisodeTests.swift in Sources */ = {isa = PBXBuildFile; fileRef = ACF7B09721597111004E12CE /* EpisodeTests.swift */; };
/* End PBXBuildFile section */

/* Begin PBXContainerItemProxy section */
		AC68E2B12141B36E00745879 /* PBXContainerItemProxy */ = {
			isa = PBXContainerItemProxy;
			containerPortal = AC68E2942141B36A00745879 /* Project object */;
			proxyType = 1;
			remoteGlobalIDString = AC68E29B2141B36A00745879;
			remoteInfo = Westeros;
		};
/* End PBXContainerItemProxy section */

/* Begin PBXFileReference section */
		AC68E29C2141B36A00745879 /* Westeros.app */ = {isa = PBXFileReference; explicitFileType = wrapper.application; includeInIndex = 0; path = Westeros.app; sourceTree = BUILT_PRODUCTS_DIR; };
		AC68E29F2141B36A00745879 /* AppDelegate.swift */ = {isa = PBXFileReference; lastKnownFileType = sourcecode.swift; path = AppDelegate.swift; sourceTree = "<group>"; };
		AC68E2A62141B36E00745879 /* Assets.xcassets */ = {isa = PBXFileReference; lastKnownFileType = folder.assetcatalog; path = Assets.xcassets; sourceTree = "<group>"; };
		AC68E2A92141B36E00745879 /* Base */ = {isa = PBXFileReference; lastKnownFileType = file.storyboard; name = Base; path = Base.lproj/LaunchScreen.storyboard; sourceTree = "<group>"; };
		AC68E2AB2141B36E00745879 /* Info.plist */ = {isa = PBXFileReference; lastKnownFileType = text.plist.xml; path = Info.plist; sourceTree = "<group>"; };
		AC68E2B02141B36E00745879 /* WesterosTests.xctest */ = {isa = PBXFileReference; explicitFileType = wrapper.cfbundle; includeInIndex = 0; path = WesterosTests.xctest; sourceTree = BUILT_PRODUCTS_DIR; };
		AC68E2B62141B36E00745879 /* Info.plist */ = {isa = PBXFileReference; lastKnownFileType = text.plist.xml; path = Info.plist; sourceTree = "<group>"; };
		AC68E2BF2141BBE300745879 /* HouseTests.swift */ = {isa = PBXFileReference; lastKnownFileType = sourcecode.swift; path = HouseTests.swift; sourceTree = "<group>"; };
		AC68E2C22141BD9800745879 /* House.swift */ = {isa = PBXFileReference; lastKnownFileType = sourcecode.swift; path = House.swift; sourceTree = "<group>"; };
		AC68E2C42141C1E000745879 /* Sigil.swift */ = {isa = PBXFileReference; lastKnownFileType = sourcecode.swift; path = Sigil.swift; sourceTree = "<group>"; };
		AC68E2C62141C8C800745879 /* PersonTests.swift */ = {isa = PBXFileReference; lastKnownFileType = sourcecode.swift; path = PersonTests.swift; sourceTree = "<group>"; };
		AC68E2C82141C90600745879 /* Person.swift */ = {isa = PBXFileReference; lastKnownFileType = sourcecode.swift; path = Person.swift; sourceTree = "<group>"; };
		AC68E2CA2149A19F00745879 /* lannister.jpg */ = {isa = PBXFileReference; lastKnownFileType = image.jpeg; path = lannister.jpg; sourceTree = "<group>"; };
		AC68E2CB2149A19F00745879 /* targaryenSmall.jpg */ = {isa = PBXFileReference; lastKnownFileType = image.jpeg; path = targaryenSmall.jpg; sourceTree = "<group>"; };
		AC68E2CC2149A19F00745879 /* codeIsComing.png */ = {isa = PBXFileReference; lastKnownFileType = image.png; path = codeIsComing.png; sourceTree = "<group>"; };
		AC68E2D22149A32200745879 /* HouseDetailViewController.swift */ = {isa = PBXFileReference; lastKnownFileType = sourcecode.swift; path = HouseDetailViewController.swift; sourceTree = "<group>"; };
		AC68E2D32149A32200745879 /* HouseDetailViewController.xib */ = {isa = PBXFileReference; lastKnownFileType = file.xib; path = HouseDetailViewController.xib; sourceTree = "<group>"; };
		AC68E2D72149B9F200745879 /* UIViewController+Navigation.swift */ = {isa = PBXFileReference; lastKnownFileType = sourcecode.swift; path = "UIViewController+Navigation.swift"; sourceTree = "<group>"; };
		AC68E2D92149BC0800745879 /* RepositoryTests.swift */ = {isa = PBXFileReference; lastKnownFileType = sourcecode.swift; path = RepositoryTests.swift; sourceTree = "<group>"; };
		AC68E2DC2149BCC500745879 /* Repository.swift */ = {isa = PBXFileReference; lastKnownFileType = sourcecode.swift; path = Repository.swift; sourceTree = "<group>"; };
		AC68E2DF2150336D00745879 /* WikiViewController.swift */ = {isa = PBXFileReference; lastKnownFileType = sourcecode.swift; path = WikiViewController.swift; sourceTree = "<group>"; };
		AC68E2E02150336D00745879 /* WikiViewController.xib */ = {isa = PBXFileReference; lastKnownFileType = file.xib; path = WikiViewController.xib; sourceTree = "<group>"; };
		AC68E2E3215059DA00745879 /* HouseListTableViewController.swift */ = {isa = PBXFileReference; lastKnownFileType = sourcecode.swift; path = HouseListTableViewController.swift; sourceTree = "<group>"; };
		AC68E2E4215059DA00745879 /* HouseListTableViewController.xib */ = {isa = PBXFileReference; lastKnownFileType = file.xib; path = HouseListTableViewController.xib; sourceTree = "<group>"; };
		AC68E2E7215189AF00745879 /* MemberListViewController.swift */ = {isa = PBXFileReference; lastKnownFileType = sourcecode.swift; path = MemberListViewController.swift; sourceTree = "<group>"; };
		AC68E2E8215189AF00745879 /* MemberListViewController.xib */ = {isa = PBXFileReference; lastKnownFileType = file.xib; path = MemberListViewController.xib; sourceTree = "<group>"; };
		AC68E2EB2151A8B500745879 /* Constants.swift */ = {isa = PBXFileReference; lastKnownFileType = sourcecode.swift; path = Constants.swift; sourceTree = "<group>"; };
		AC68E2ED2152DAC000745879 /* Notification+Name.swift */ = {isa = PBXFileReference; lastKnownFileType = sourcecode.swift; path = "Notification+Name.swift"; sourceTree = "<group>"; };
		AC68E2F02152DF3D00745879 /* HouseCell.swift */ = {isa = PBXFileReference; lastKnownFileType = sourcecode.swift; path = HouseCell.swift; sourceTree = "<group>"; };
		AC68E2F12152DF3D00745879 /* HouseCell.xib */ = {isa = PBXFileReference; lastKnownFileType = file.xib; path = HouseCell.xib; sourceTree = "<group>"; };
		AC68E2F92152EE9900745879 /* HouseCollectionViewController.swift */ = {isa = PBXFileReference; lastKnownFileType = sourcecode.swift; path = HouseCollectionViewController.swift; sourceTree = "<group>"; };
		AC68E2FA2152EE9900745879 /* HouseCollectionViewController.xib */ = {isa = PBXFileReference; lastKnownFileType = file.xib; path = HouseCollectionViewController.xib; sourceTree = "<group>"; };
		AC68E2FD2152F2E400745879 /* HouseCollectionViewCell.swift */ = {isa = PBXFileReference; lastKnownFileType = sourcecode.swift; path = HouseCollectionViewCell.swift; sourceTree = "<group>"; };
		AC68E2FE2152F2E400745879 /* HouseCollectionViewCell.xib */ = {isa = PBXFileReference; lastKnownFileType = file.xib; path = HouseCollectionViewCell.xib; sourceTree = "<group>"; };
		ACF7B08F215956FD004E12CE /* Season.swift */ = {isa = PBXFileReference; lastKnownFileType = sourcecode.swift; path = Season.swift; sourceTree = "<group>"; };
		ACF7B0912159584E004E12CE /* SeasonTests.swift */ = {isa = PBXFileReference; lastKnownFileType = sourcecode.swift; path = SeasonTests.swift; sourceTree = "<group>"; };
		ACF7B09321595AA2004E12CE /* Date+String.swift */ = {isa = PBXFileReference; lastKnownFileType = sourcecode.swift; path = "Date+String.swift"; sourceTree = "<group>"; };
		ACF7B09521595F54004E12CE /* Episode.swift */ = {isa = PBXFileReference; lastKnownFileType = sourcecode.swift; path = Episode.swift; sourceTree = "<group>"; };
		ACF7B09721597111004E12CE /* EpisodeTests.swift */ = {isa = PBXFileReference; lastKnownFileType = sourcecode.swift; path = EpisodeTests.swift; sourceTree = "<group>"; };
/* End PBXFileReference section */

/* Begin PBXFrameworksBuildPhase section */
		AC68E2992141B36A00745879 /* Frameworks */ = {
			isa = PBXFrameworksBuildPhase;
			buildActionMask = 2147483647;
			files = (
			);
			runOnlyForDeploymentPostprocessing = 0;
		};
		AC68E2AD2141B36E00745879 /* Frameworks */ = {
			isa = PBXFrameworksBuildPhase;
			buildActionMask = 2147483647;
			files = (
			);
			runOnlyForDeploymentPostprocessing = 0;
		};
/* End PBXFrameworksBuildPhase section */

/* Begin PBXGroup section */
		AC68E2932141B36A00745879 = {
			isa = PBXGroup;
			children = (
				AC68E29E2141B36A00745879 /* Westeros */,
				AC68E2B32141B36E00745879 /* WesterosTests */,
				AC68E29D2141B36A00745879 /* Products */,
			);
			sourceTree = "<group>";
		};
		AC68E29D2141B36A00745879 /* Products */ = {
			isa = PBXGroup;
			children = (
				AC68E29C2141B36A00745879 /* Westeros.app */,
				AC68E2B02141B36E00745879 /* WesterosTests.xctest */,
			);
			name = Products;
			sourceTree = "<group>";
		};
		AC68E29E2141B36A00745879 /* Westeros */ = {
			isa = PBXGroup;
			children = (
				AC68E2EB2151A8B500745879 /* Constants.swift */,
				AC68E2D62149B9A500745879 /* Additions */,
				AC68E2EF2152DF0200745879 /* Views */,
				AC68E2D12149A2A100745879 /* Controllers */,
				AC68E2D02149A1D100745879 /* Resources */,
				AC68E2C12141BD7000745879 /* Domain */,
				AC68E29F2141B36A00745879 /* AppDelegate.swift */,
				AC68E2A62141B36E00745879 /* Assets.xcassets */,
				AC68E2A82141B36E00745879 /* LaunchScreen.storyboard */,
				AC68E2AB2141B36E00745879 /* Info.plist */,
			);
			path = Westeros;
			sourceTree = "<group>";
		};
		AC68E2B32141B36E00745879 /* WesterosTests */ = {
			isa = PBXGroup;
			children = (
				AC68E2B62141B36E00745879 /* Info.plist */,
				AC68E2BF2141BBE300745879 /* HouseTests.swift */,
				AC68E2C62141C8C800745879 /* PersonTests.swift */,
				AC68E2D92149BC0800745879 /* RepositoryTests.swift */,
				ACF7B0912159584E004E12CE /* SeasonTests.swift */,
				ACF7B09721597111004E12CE /* EpisodeTests.swift */,
			);
			path = WesterosTests;
			sourceTree = "<group>";
		};
		AC68E2C12141BD7000745879 /* Domain */ = {
			isa = PBXGroup;
			children = (
				AC68E2DB2149BCAD00745879 /* Repositories */,
				AC68E2C22141BD9800745879 /* House.swift */,
				AC68E2C42141C1E000745879 /* Sigil.swift */,
				AC68E2C82141C90600745879 /* Person.swift */,
				ACF7B08F215956FD004E12CE /* Season.swift */,
				ACF7B09521595F54004E12CE /* Episode.swift */,
			);
			path = Domain;
			sourceTree = "<group>";
		};
		AC68E2D02149A1D100745879 /* Resources */ = {
			isa = PBXGroup;
			children = (
				AC68E2CC2149A19F00745879 /* codeIsComing.png */,
				AC68E2CA2149A19F00745879 /* lannister.jpg */,
				AC68E2CB2149A19F00745879 /* targaryenSmall.jpg */,
			);
			path = Resources;
			sourceTree = "<group>";
		};
		AC68E2D12149A2A100745879 /* Controllers */ = {
			isa = PBXGroup;
			children = (
				AC68E2F42152EC2600745879 /* Extra */,
				AC68E2E3215059DA00745879 /* HouseListTableViewController.swift */,
				AC68E2E4215059DA00745879 /* HouseListTableViewController.xib */,
				AC68E2D22149A32200745879 /* HouseDetailViewController.swift */,
				AC68E2D32149A32200745879 /* HouseDetailViewController.xib */,
				AC68E2DF2150336D00745879 /* WikiViewController.swift */,
				AC68E2E02150336D00745879 /* WikiViewController.xib */,
				AC68E2E7215189AF00745879 /* MemberListViewController.swift */,
				AC68E2E8215189AF00745879 /* MemberListViewController.xib */,
			);
			path = Controllers;
			sourceTree = "<group>";
		};
		AC68E2D62149B9A500745879 /* Additions */ = {
			isa = PBXGroup;
			children = (
				AC68E2D72149B9F200745879 /* UIViewController+Navigation.swift */,
				AC68E2ED2152DAC000745879 /* Notification+Name.swift */,
				ACF7B09321595AA2004E12CE /* Date+String.swift */,
			);
			path = Additions;
			sourceTree = "<group>";
		};
		AC68E2DB2149BCAD00745879 /* Repositories */ = {
			isa = PBXGroup;
			children = (
				AC68E2DC2149BCC500745879 /* Repository.swift */,
			);
			path = Repositories;
			sourceTree = "<group>";
		};
		AC68E2EF2152DF0200745879 /* Views */ = {
			isa = PBXGroup;
			children = (
				AC68E2F02152DF3D00745879 /* HouseCell.swift */,
				AC68E2F12152DF3D00745879 /* HouseCell.xib */,
			);
			path = Views;
			sourceTree = "<group>";
		};
		AC68E2F42152EC2600745879 /* Extra */ = {
			isa = PBXGroup;
			children = (
				AC68E2F92152EE9900745879 /* HouseCollectionViewController.swift */,
				AC68E2FA2152EE9900745879 /* HouseCollectionViewController.xib */,
				AC68E2FD2152F2E400745879 /* HouseCollectionViewCell.swift */,
				AC68E2FE2152F2E400745879 /* HouseCollectionViewCell.xib */,
			);
			path = Extra;
			sourceTree = "<group>";
		};
/* End PBXGroup section */

/* Begin PBXNativeTarget section */
		AC68E29B2141B36A00745879 /* Westeros */ = {
			isa = PBXNativeTarget;
			buildConfigurationList = AC68E2B92141B36E00745879 /* Build configuration list for PBXNativeTarget "Westeros" */;
			buildPhases = (
				AC68E2982141B36A00745879 /* Sources */,
				AC68E2992141B36A00745879 /* Frameworks */,
				AC68E29A2141B36A00745879 /* Resources */,
			);
			buildRules = (
			);
			dependencies = (
			);
			name = Westeros;
			productName = Westeros;
			productReference = AC68E29C2141B36A00745879 /* Westeros.app */;
			productType = "com.apple.product-type.application";
		};
		AC68E2AF2141B36E00745879 /* WesterosTests */ = {
			isa = PBXNativeTarget;
			buildConfigurationList = AC68E2BC2141B36E00745879 /* Build configuration list for PBXNativeTarget "WesterosTests" */;
			buildPhases = (
				AC68E2AC2141B36E00745879 /* Sources */,
				AC68E2AD2141B36E00745879 /* Frameworks */,
				AC68E2AE2141B36E00745879 /* Resources */,
			);
			buildRules = (
			);
			dependencies = (
				AC68E2B22141B36E00745879 /* PBXTargetDependency */,
			);
			name = WesterosTests;
			productName = WesterosTests;
			productReference = AC68E2B02141B36E00745879 /* WesterosTests.xctest */;
			productType = "com.apple.product-type.bundle.unit-test";
		};
/* End PBXNativeTarget section */

/* Begin PBXProject section */
		AC68E2942141B36A00745879 /* Project object */ = {
			isa = PBXProject;
			attributes = {
				LastSwiftUpdateCheck = 1000;
				LastUpgradeCheck = 1000;
				ORGANIZATIONNAME = Alexandre;
				TargetAttributes = {
					AC68E29B2141B36A00745879 = {
						CreatedOnToolsVersion = 10.0;
					};
					AC68E2AF2141B36E00745879 = {
						CreatedOnToolsVersion = 10.0;
						LastSwiftMigration = 1000;
						TestTargetID = AC68E29B2141B36A00745879;
					};
				};
			};
			buildConfigurationList = AC68E2972141B36A00745879 /* Build configuration list for PBXProject "Westeros" */;
			compatibilityVersion = "Xcode 9.3";
			developmentRegion = en;
			hasScannedForEncodings = 0;
			knownRegions = (
				en,
				Base,
			);
			mainGroup = AC68E2932141B36A00745879;
			productRefGroup = AC68E29D2141B36A00745879 /* Products */;
			projectDirPath = "";
			projectRoot = "";
			targets = (
				AC68E29B2141B36A00745879 /* Westeros */,
				AC68E2AF2141B36E00745879 /* WesterosTests */,
			);
		};
/* End PBXProject section */

/* Begin PBXResourcesBuildPhase section */
		AC68E29A2141B36A00745879 /* Resources */ = {
			isa = PBXResourcesBuildPhase;
			buildActionMask = 2147483647;
			files = (
				AC68E2E6215059DA00745879 /* HouseListTableViewController.xib in Resources */,
				AC68E2CD2149A19F00745879 /* lannister.jpg in Resources */,
				AC68E2F32152DF3D00745879 /* HouseCell.xib in Resources */,
				AC68E2FC2152EE9900745879 /* HouseCollectionViewController.xib in Resources */,
				AC68E2E22150336D00745879 /* WikiViewController.xib in Resources */,
				AC68E2AA2141B36E00745879 /* LaunchScreen.storyboard in Resources */,
				AC68E2EA215189AF00745879 /* MemberListViewController.xib in Resources */,
				AC68E3002152F2E400745879 /* HouseCollectionViewCell.xib in Resources */,
				AC68E2D52149A32200745879 /* HouseDetailViewController.xib in Resources */,
				AC68E2A72141B36E00745879 /* Assets.xcassets in Resources */,
				AC68E2CF2149A19F00745879 /* codeIsComing.png in Resources */,
				AC68E2CE2149A19F00745879 /* targaryenSmall.jpg in Resources */,
			);
			runOnlyForDeploymentPostprocessing = 0;
		};
		AC68E2AE2141B36E00745879 /* Resources */ = {
			isa = PBXResourcesBuildPhase;
			buildActionMask = 2147483647;
			files = (
			);
			runOnlyForDeploymentPostprocessing = 0;
		};
/* End PBXResourcesBuildPhase section */

/* Begin PBXSourcesBuildPhase section */
		AC68E2982141B36A00745879 /* Sources */ = {
			isa = PBXSourcesBuildPhase;
			buildActionMask = 2147483647;
			files = (
				ACF7B090215956FD004E12CE /* Season.swift in Sources */,
				AC68E2DD2149BCC500745879 /* Repository.swift in Sources */,
				AC68E2EC2151A8B500745879 /* Constants.swift in Sources */,
				AC68E2D82149B9F200745879 /* UIViewController+Navigation.swift in Sources */,
				AC68E2D42149A32200745879 /* HouseDetailViewController.swift in Sources */,
				AC68E2C52141C1E000745879 /* Sigil.swift in Sources */,
				AC68E2FB2152EE9900745879 /* HouseCollectionViewController.swift in Sources */,
				ACF7B09621595F54004E12CE /* Episode.swift in Sources */,
				AC68E2EE2152DAC000745879 /* Notification+Name.swift in Sources */,
				ACF7B09421595AA2004E12CE /* Date+String.swift in Sources */,
				AC68E2FF2152F2E400745879 /* HouseCollectionViewCell.swift in Sources */,
				AC68E2E9215189AF00745879 /* MemberListViewController.swift in Sources */,
				AC68E2F22152DF3D00745879 /* HouseCell.swift in Sources */,
				AC68E2C32141BD9800745879 /* House.swift in Sources */,
				AC68E2E5215059DA00745879 /* HouseListTableViewController.swift in Sources */,
				AC68E2A02141B36A00745879 /* AppDelegate.swift in Sources */,
				AC68E2E12150336D00745879 /* WikiViewController.swift in Sources */,
				AC68E2C92141C90600745879 /* Person.swift in Sources */,
			);
			runOnlyForDeploymentPostprocessing = 0;
		};
		AC68E2AC2141B36E00745879 /* Sources */ = {
			isa = PBXSourcesBuildPhase;
			buildActionMask = 2147483647;
			files = (
				ACF7B0922159584E004E12CE /* SeasonTests.swift in Sources */,
				AC68E2C02141BBE300745879 /* HouseTests.swift in Sources */,
				AC68E2C72141C8C800745879 /* PersonTests.swift in Sources */,
				ACF7B09821597111004E12CE /* EpisodeTests.swift in Sources */,
				AC68E2DA2149BC0800745879 /* RepositoryTests.swift in Sources */,
			);
			runOnlyForDeploymentPostprocessing = 0;
		};
/* End PBXSourcesBuildPhase section */

/* Begin PBXTargetDependency section */
		AC68E2B22141B36E00745879 /* PBXTargetDependency */ = {
			isa = PBXTargetDependency;
			target = AC68E29B2141B36A00745879 /* Westeros */;
			targetProxy = AC68E2B12141B36E00745879 /* PBXContainerItemProxy */;
		};
/* End PBXTargetDependency section */

/* Begin PBXVariantGroup section */
		AC68E2A82141B36E00745879 /* LaunchScreen.storyboard */ = {
			isa = PBXVariantGroup;
			children = (
				AC68E2A92141B36E00745879 /* Base */,
			);
			name = LaunchScreen.storyboard;
			sourceTree = "<group>";
		};
/* End PBXVariantGroup section */

/* Begin XCBuildConfiguration section */
		AC68E2B72141B36E00745879 /* Debug */ = {
			isa = XCBuildConfiguration;
			buildSettings = {
				ALWAYS_SEARCH_USER_PATHS = NO;
				CLANG_ANALYZER_NONNULL = YES;
				CLANG_ANALYZER_NUMBER_OBJECT_CONVERSION = YES_AGGRESSIVE;
				CLANG_CXX_LANGUAGE_STANDARD = "gnu++14";
				CLANG_CXX_LIBRARY = "libc++";
				CLANG_ENABLE_MODULES = YES;
				CLANG_ENABLE_OBJC_ARC = YES;
				CLANG_ENABLE_OBJC_WEAK = YES;
				CLANG_WARN_BLOCK_CAPTURE_AUTORELEASING = YES;
				CLANG_WARN_BOOL_CONVERSION = YES;
				CLANG_WARN_COMMA = YES;
				CLANG_WARN_CONSTANT_CONVERSION = YES;
				CLANG_WARN_DEPRECATED_OBJC_IMPLEMENTATIONS = YES;
				CLANG_WARN_DIRECT_OBJC_ISA_USAGE = YES_ERROR;
				CLANG_WARN_DOCUMENTATION_COMMENTS = YES;
				CLANG_WARN_EMPTY_BODY = YES;
				CLANG_WARN_ENUM_CONVERSION = YES;
				CLANG_WARN_INFINITE_RECURSION = YES;
				CLANG_WARN_INT_CONVERSION = YES;
				CLANG_WARN_NON_LITERAL_NULL_CONVERSION = YES;
				CLANG_WARN_OBJC_IMPLICIT_RETAIN_SELF = YES;
				CLANG_WARN_OBJC_LITERAL_CONVERSION = YES;
				CLANG_WARN_OBJC_ROOT_CLASS = YES_ERROR;
				CLANG_WARN_RANGE_LOOP_ANALYSIS = YES;
				CLANG_WARN_STRICT_PROTOTYPES = YES;
				CLANG_WARN_SUSPICIOUS_MOVE = YES;
				CLANG_WARN_UNGUARDED_AVAILABILITY = YES_AGGRESSIVE;
				CLANG_WARN_UNREACHABLE_CODE = YES;
				CLANG_WARN__DUPLICATE_METHOD_MATCH = YES;
				CODE_SIGN_IDENTITY = "iPhone Developer";
				COPY_PHASE_STRIP = NO;
				DEBUG_INFORMATION_FORMAT = dwarf;
				ENABLE_STRICT_OBJC_MSGSEND = YES;
				ENABLE_TESTABILITY = YES;
				GCC_C_LANGUAGE_STANDARD = gnu11;
				GCC_DYNAMIC_NO_PIC = NO;
				GCC_NO_COMMON_BLOCKS = YES;
				GCC_OPTIMIZATION_LEVEL = 0;
				GCC_PREPROCESSOR_DEFINITIONS = (
					"DEBUG=1",
					"$(inherited)",
				);
				GCC_WARN_64_TO_32_BIT_CONVERSION = YES;
				GCC_WARN_ABOUT_RETURN_TYPE = YES_ERROR;
				GCC_WARN_UNDECLARED_SELECTOR = YES;
				GCC_WARN_UNINITIALIZED_AUTOS = YES_AGGRESSIVE;
				GCC_WARN_UNUSED_FUNCTION = YES;
				GCC_WARN_UNUSED_VARIABLE = YES;
				IPHONEOS_DEPLOYMENT_TARGET = 12.0;
				MTL_ENABLE_DEBUG_INFO = INCLUDE_SOURCE;
				MTL_FAST_MATH = YES;
				ONLY_ACTIVE_ARCH = YES;
				SDKROOT = iphoneos;
				SWIFT_ACTIVE_COMPILATION_CONDITIONS = DEBUG;
				SWIFT_OPTIMIZATION_LEVEL = "-Onone";
			};
			name = Debug;
		};
		AC68E2B82141B36E00745879 /* Release */ = {
			isa = XCBuildConfiguration;
			buildSettings = {
				ALWAYS_SEARCH_USER_PATHS = NO;
				CLANG_ANALYZER_NONNULL = YES;
				CLANG_ANALYZER_NUMBER_OBJECT_CONVERSION = YES_AGGRESSIVE;
				CLANG_CXX_LANGUAGE_STANDARD = "gnu++14";
				CLANG_CXX_LIBRARY = "libc++";
				CLANG_ENABLE_MODULES = YES;
				CLANG_ENABLE_OBJC_ARC = YES;
				CLANG_ENABLE_OBJC_WEAK = YES;
				CLANG_WARN_BLOCK_CAPTURE_AUTORELEASING = YES;
				CLANG_WARN_BOOL_CONVERSION = YES;
				CLANG_WARN_COMMA = YES;
				CLANG_WARN_CONSTANT_CONVERSION = YES;
				CLANG_WARN_DEPRECATED_OBJC_IMPLEMENTATIONS = YES;
				CLANG_WARN_DIRECT_OBJC_ISA_USAGE = YES_ERROR;
				CLANG_WARN_DOCUMENTATION_COMMENTS = YES;
				CLANG_WARN_EMPTY_BODY = YES;
				CLANG_WARN_ENUM_CONVERSION = YES;
				CLANG_WARN_INFINITE_RECURSION = YES;
				CLANG_WARN_INT_CONVERSION = YES;
				CLANG_WARN_NON_LITERAL_NULL_CONVERSION = YES;
				CLANG_WARN_OBJC_IMPLICIT_RETAIN_SELF = YES;
				CLANG_WARN_OBJC_LITERAL_CONVERSION = YES;
				CLANG_WARN_OBJC_ROOT_CLASS = YES_ERROR;
				CLANG_WARN_RANGE_LOOP_ANALYSIS = YES;
				CLANG_WARN_STRICT_PROTOTYPES = YES;
				CLANG_WARN_SUSPICIOUS_MOVE = YES;
				CLANG_WARN_UNGUARDED_AVAILABILITY = YES_AGGRESSIVE;
				CLANG_WARN_UNREACHABLE_CODE = YES;
				CLANG_WARN__DUPLICATE_METHOD_MATCH = YES;
				CODE_SIGN_IDENTITY = "iPhone Developer";
				COPY_PHASE_STRIP = NO;
				DEBUG_INFORMATION_FORMAT = "dwarf-with-dsym";
				ENABLE_NS_ASSERTIONS = NO;
				ENABLE_STRICT_OBJC_MSGSEND = YES;
				GCC_C_LANGUAGE_STANDARD = gnu11;
				GCC_NO_COMMON_BLOCKS = YES;
				GCC_WARN_64_TO_32_BIT_CONVERSION = YES;
				GCC_WARN_ABOUT_RETURN_TYPE = YES_ERROR;
				GCC_WARN_UNDECLARED_SELECTOR = YES;
				GCC_WARN_UNINITIALIZED_AUTOS = YES_AGGRESSIVE;
				GCC_WARN_UNUSED_FUNCTION = YES;
				GCC_WARN_UNUSED_VARIABLE = YES;
				IPHONEOS_DEPLOYMENT_TARGET = 12.0;
				MTL_ENABLE_DEBUG_INFO = NO;
				MTL_FAST_MATH = YES;
				SDKROOT = iphoneos;
				SWIFT_COMPILATION_MODE = wholemodule;
				SWIFT_OPTIMIZATION_LEVEL = "-O";
				VALIDATE_PRODUCT = YES;
			};
			name = Release;
		};
		AC68E2BA2141B36E00745879 /* Debug */ = {
			isa = XCBuildConfiguration;
			buildSettings = {
				ASSETCATALOG_COMPILER_APPICON_NAME = AppIcon;
				CODE_SIGN_STYLE = Automatic;
				DEVELOPMENT_TEAM = 3NZN8QHW8P;
				INFOPLIST_FILE = Westeros/Info.plist;
				LD_RUNPATH_SEARCH_PATHS = (
					"$(inherited)",
					"@executable_path/Frameworks",
				);
				PRODUCT_BUNDLE_IDENTIFIER = com.alexcros.Westeros;
				PRODUCT_NAME = "$(TARGET_NAME)";
				SWIFT_VERSION = 4.2;
				TARGETED_DEVICE_FAMILY = "1,2";
			};
			name = Debug;
		};
		AC68E2BB2141B36E00745879 /* Release */ = {
			isa = XCBuildConfiguration;
			buildSettings = {
				ASSETCATALOG_COMPILER_APPICON_NAME = AppIcon;
				CODE_SIGN_STYLE = Automatic;
				DEVELOPMENT_TEAM = 3NZN8QHW8P;
				INFOPLIST_FILE = Westeros/Info.plist;
				LD_RUNPATH_SEARCH_PATHS = (
					"$(inherited)",
					"@executable_path/Frameworks",
				);
				PRODUCT_BUNDLE_IDENTIFIER = com.alexcros.Westeros;
				PRODUCT_NAME = "$(TARGET_NAME)";
				SWIFT_VERSION = 4.2;
				TARGETED_DEVICE_FAMILY = "1,2";
			};
			name = Release;
		};
		AC68E2BD2141B36E00745879 /* Debug */ = {
			isa = XCBuildConfiguration;
			buildSettings = {
				ALWAYS_EMBED_SWIFT_STANDARD_LIBRARIES = YES;
				BUNDLE_LOADER = "$(TEST_HOST)";
				CLANG_ENABLE_MODULES = YES;
				CODE_SIGN_STYLE = Automatic;
				INFOPLIST_FILE = WesterosTests/Info.plist;
				LD_RUNPATH_SEARCH_PATHS = (
					"$(inherited)",
					"@executable_path/Frameworks",
					"@loader_path/Frameworks",
				);
				PRODUCT_BUNDLE_IDENTIFIER = com.alexcros.WesterosTests;
				PRODUCT_NAME = "$(TARGET_NAME)";
				SWIFT_OPTIMIZATION_LEVEL = "-Onone";
				SWIFT_VERSION = 4.2;
				TARGETED_DEVICE_FAMILY = "1,2";
				TEST_HOST = "$(BUILT_PRODUCTS_DIR)/Westeros.app/Westeros";
			};
			name = Debug;
		};
		AC68E2BE2141B36E00745879 /* Release */ = {
			isa = XCBuildConfiguration;
			buildSettings = {
				ALWAYS_EMBED_SWIFT_STANDARD_LIBRARIES = YES;
				BUNDLE_LOADER = "$(TEST_HOST)";
				CLANG_ENABLE_MODULES = YES;
				CODE_SIGN_STYLE = Automatic;
				INFOPLIST_FILE = WesterosTests/Info.plist;
				LD_RUNPATH_SEARCH_PATHS = (
					"$(inherited)",
					"@executable_path/Frameworks",
					"@loader_path/Frameworks",
				);
				PRODUCT_BUNDLE_IDENTIFIER = com.alexcros.WesterosTests;
				PRODUCT_NAME = "$(TARGET_NAME)";
				SWIFT_VERSION = 4.2;
				TARGETED_DEVICE_FAMILY = "1,2";
				TEST_HOST = "$(BUILT_PRODUCTS_DIR)/Westeros.app/Westeros";
			};
			name = Release;
		};
/* End XCBuildConfiguration section */

/* Begin XCConfigurationList section */
		AC68E2972141B36A00745879 /* Build configuration list for PBXProject "Westeros" */ = {
			isa = XCConfigurationList;
			buildConfigurations = (
				AC68E2B72141B36E00745879 /* Debug */,
				AC68E2B82141B36E00745879 /* Release */,
			);
			defaultConfigurationIsVisible = 0;
			defaultConfigurationName = Release;
		};
		AC68E2B92141B36E00745879 /* Build configuration list for PBXNativeTarget "Westeros" */ = {
			isa = XCConfigurationList;
			buildConfigurations = (
				AC68E2BA2141B36E00745879 /* Debug */,
				AC68E2BB2141B36E00745879 /* Release */,
			);
			defaultConfigurationIsVisible = 0;
			defaultConfigurationName = Release;
		};
		AC68E2BC2141B36E00745879 /* Build configuration list for PBXNativeTarget "WesterosTests" */ = {
			isa = XCConfigurationList;
			buildConfigurations = (
				AC68E2BD2141B36E00745879 /* Debug */,
				AC68E2BE2141B36E00745879 /* Release */,
			);
			defaultConfigurationIsVisible = 0;
			defaultConfigurationName = Release;
		};
/* End XCConfigurationList section */
	};
	rootObject = AC68E2942141B36A00745879 /* Project object */;
}
